
Microsoft Visual Studio Solution File, Format Version 12.00
# Visual Studio Version 16
VisualStudioVersion = 16.0.32106.194
MinimumVisualStudioVersion = 10.0.40219.1
Project("{FAE04EC0-301F-11D3-BF4B-00C04F79EFBC}") = "Proyecto1ApliConsola", "Proyecto1ApliConsola.csproj", "{BC9A75EE-A0C8-4D5B-B9EB-0F44FE9975B2}"
EndProject
Project("{FAE04EC0-301F-11D3-BF4B-00C04F79EFBC}") = "ActividadMenu", "..\ActividadMenu\ActividadMenu.csproj", "{D66CA8AA-EA45-4049-A901-3FA1C0EAF49A}"
EndProject
Global
	GlobalSection(SolutionConfigurationPlatforms) = preSolution
		Debug|Any CPU = Debug|Any CPU
		Release|Any CPU = Release|Any CPU
	EndGlobalSection
	GlobalSection(ProjectConfigurationPlatforms) = postSolution
		{BC9A75EE-A0C8-4D5B-B9EB-0F44FE9975B2}.Debug|Any CPU.ActiveCfg = Debug|Any CPU
		{BC9A75EE-A0C8-4D5B-B9EB-0F44FE9975B2}.Debug|Any CPU.Build.0 = Debug|Any CPU
		{BC9A75EE-A0C8-4D5B-B9EB-0F44FE9975B2}.Release|Any CPU.ActiveCfg = Release|Any CPU
		{BC9A75EE-A0C8-4D5B-B9EB-0F44FE9975B2}.Release|Any CPU.Build.0 = Release|Any CPU
		{D66CA8AA-EA45-4049-A901-3FA1C0EAF49A}.Debug|Any CPU.ActiveCfg = Debug|Any CPU
		{D66CA8AA-EA45-4049-A901-3FA1C0EAF49A}.Debug|Any CPU.Build.0 = Debug|Any CPU
		{D66CA8AA-EA45-4049-A901-3FA1C0EAF49A}.Release|Any CPU.ActiveCfg = Release|Any CPU
		{D66CA8AA-EA45-4049-A901-3FA1C0EAF49A}.Release|Any CPU.Build.0 = Release|Any CPU
	EndGlobalSection
	GlobalSection(SolutionProperties) = preSolution
		HideSolutionNode = FALSE
	EndGlobalSection
	GlobalSection(ExtensibilityGlobals) = postSolution
		SolutionGuid = {AD41348F-10B3-4623-BD20-89B5A06C9BB9}
	EndGlobalSection
EndGlobal
